
Microsoft Visual Studio Solution File, Format Version 12.00
# Visual Studio Version 17
VisualStudioVersion = 17.11.35208.52
MinimumVisualStudioVersion = 10.0.40219.1
Project("{FAE04EC0-301F-11D3-BF4B-00C04F79EFBC}") = "ShopBot.Bot", "ShopBot.Bot\ShopBot.Bot.csproj", "{11C607AD-FA1C-4309-A520-7ED1F8343BF6}"
EndProject
Project("{FAE04EC0-301F-11D3-BF4B-00C04F79EFBC}") = "DliaTestov", "DliaTestov\DliaTestov.csproj", "{3CBC5A42-E278-489D-B6E7-8966E6CF59CE}"
EndProject
Project("{FAE04EC0-301F-11D3-BF4B-00C04F79EFBC}") = "ShopBot.DAL", "ShopBot.DAL\ShopBot.DAL.csproj", "{433E54BC-D4AB-47FC-8FFE-EE03B1C93E3D}"
EndProject
Project("{FAE04EC0-301F-11D3-BF4B-00C04F79EFBC}") = "ShopBot.BLL", "ShopBot.BLL\ShopBot.BLL.csproj", "{0BA67FB0-18C3-48A9-8467-0CC1919F642C}"
EndProject
Project("{FAE04EC0-301F-11D3-BF4B-00C04F79EFBC}") = "ShopBot.Core", "ShopBot.Core\ShopBot.Core.csproj", "{7A97EC97-DB1E-473A-A8E8-7559321C9FB1}"
EndProject
Global
	GlobalSection(SolutionConfigurationPlatforms) = preSolution
		Debug|Any CPU = Debug|Any CPU
		Release|Any CPU = Release|Any CPU
	EndGlobalSection
	GlobalSection(ProjectConfigurationPlatforms) = postSolution
		{11C607AD-FA1C-4309-A520-7ED1F8343BF6}.Debug|Any CPU.ActiveCfg = Debug|Any CPU
		{11C607AD-FA1C-4309-A520-7ED1F8343BF6}.Debug|Any CPU.Build.0 = Debug|Any CPU
		{11C607AD-FA1C-4309-A520-7ED1F8343BF6}.Release|Any CPU.ActiveCfg = Release|Any CPU
		{11C607AD-FA1C-4309-A520-7ED1F8343BF6}.Release|Any CPU.Build.0 = Release|Any CPU
		{3CBC5A42-E278-489D-B6E7-8966E6CF59CE}.Debug|Any CPU.ActiveCfg = Debug|Any CPU
		{3CBC5A42-E278-489D-B6E7-8966E6CF59CE}.Debug|Any CPU.Build.0 = Debug|Any CPU
		{3CBC5A42-E278-489D-B6E7-8966E6CF59CE}.Release|Any CPU.ActiveCfg = Release|Any CPU
		{3CBC5A42-E278-489D-B6E7-8966E6CF59CE}.Release|Any CPU.Build.0 = Release|Any CPU
		{433E54BC-D4AB-47FC-8FFE-EE03B1C93E3D}.Debug|Any CPU.ActiveCfg = Debug|Any CPU
		{433E54BC-D4AB-47FC-8FFE-EE03B1C93E3D}.Debug|Any CPU.Build.0 = Debug|Any CPU
		{433E54BC-D4AB-47FC-8FFE-EE03B1C93E3D}.Release|Any CPU.ActiveCfg = Release|Any CPU
		{433E54BC-D4AB-47FC-8FFE-EE03B1C93E3D}.Release|Any CPU.Build.0 = Release|Any CPU
		{0BA67FB0-18C3-48A9-8467-0CC1919F642C}.Debug|Any CPU.ActiveCfg = Debug|Any CPU
		{0BA67FB0-18C3-48A9-8467-0CC1919F642C}.Debug|Any CPU.Build.0 = Debug|Any CPU
		{0BA67FB0-18C3-48A9-8467-0CC1919F642C}.Release|Any CPU.ActiveCfg = Release|Any CPU
		{0BA67FB0-18C3-48A9-8467-0CC1919F642C}.Release|Any CPU.Build.0 = Release|Any CPU
		{7A97EC97-DB1E-473A-A8E8-7559321C9FB1}.Debug|Any CPU.ActiveCfg = Debug|Any CPU
		{7A97EC97-DB1E-473A-A8E8-7559321C9FB1}.Debug|Any CPU.Build.0 = Debug|Any CPU
		{7A97EC97-DB1E-473A-A8E8-7559321C9FB1}.Release|Any CPU.ActiveCfg = Release|Any CPU
		{7A97EC97-DB1E-473A-A8E8-7559321C9FB1}.Release|Any CPU.Build.0 = Release|Any CPU
	EndGlobalSection
	GlobalSection(SolutionProperties) = preSolution
		HideSolutionNode = FALSE
	EndGlobalSection
	GlobalSection(ExtensibilityGlobals) = postSolution
		SolutionGuid = {E04B72EB-F08F-4745-89A6-4E461A498D51}
	EndGlobalSection
EndGlobal
